
Microsoft Visual Studio Solution File, Format Version 12.00
# Visual Studio Version 16
VisualStudioVersion = 16.0.31605.320
MinimumVisualStudioVersion = 10.0.40219.1
Project("{FAE04EC0-301F-11D3-BF4B-00C04F79EFBC}") = "ExamTest", "ExamTest\ExamTest.csproj", "{12482F2B-44EF-4EB2-89F5-F15A0EF3C75F}"
EndProject
Project("{FAE04EC0-301F-11D3-BF4B-00C04F79EFBC}") = "ExamTest2", "ExamTest2\ExamTest2.csproj", "{C4078595-9667-4C1F-BEDF-76BAD2BC301E}"
EndProject
Project("{FAE04EC0-301F-11D3-BF4B-00C04F79EFBC}") = "Website", "Website\Website.csproj", "{0860EAB5-F346-4BC6-9BD6-338B4BF2AE38}"
EndProject
Global
	GlobalSection(SolutionConfigurationPlatforms) = preSolution
		Debug|Any CPU = Debug|Any CPU
		Release|Any CPU = Release|Any CPU
	EndGlobalSection
	GlobalSection(ProjectConfigurationPlatforms) = postSolution
		{12482F2B-44EF-4EB2-89F5-F15A0EF3C75F}.Debug|Any CPU.ActiveCfg = Debug|Any CPU
		{12482F2B-44EF-4EB2-89F5-F15A0EF3C75F}.Debug|Any CPU.Build.0 = Debug|Any CPU
		{12482F2B-44EF-4EB2-89F5-F15A0EF3C75F}.Release|Any CPU.ActiveCfg = Release|Any CPU
		{12482F2B-44EF-4EB2-89F5-F15A0EF3C75F}.Release|Any CPU.Build.0 = Release|Any CPU
		{C4078595-9667-4C1F-BEDF-76BAD2BC301E}.Debug|Any CPU.ActiveCfg = Debug|Any CPU
		{C4078595-9667-4C1F-BEDF-76BAD2BC301E}.Debug|Any CPU.Build.0 = Debug|Any CPU
		{C4078595-9667-4C1F-BEDF-76BAD2BC301E}.Release|Any CPU.ActiveCfg = Release|Any CPU
		{C4078595-9667-4C1F-BEDF-76BAD2BC301E}.Release|Any CPU.Build.0 = Release|Any CPU
		{0860EAB5-F346-4BC6-9BD6-338B4BF2AE38}.Debug|Any CPU.ActiveCfg = Debug|Any CPU
		{0860EAB5-F346-4BC6-9BD6-338B4BF2AE38}.Debug|Any CPU.Build.0 = Debug|Any CPU
		{0860EAB5-F346-4BC6-9BD6-338B4BF2AE38}.Release|Any CPU.ActiveCfg = Release|Any CPU
		{0860EAB5-F346-4BC6-9BD6-338B4BF2AE38}.Release|Any CPU.Build.0 = Release|Any CPU
	EndGlobalSection
	GlobalSection(SolutionProperties) = preSolution
		HideSolutionNode = FALSE
	EndGlobalSection
	GlobalSection(ExtensibilityGlobals) = postSolution
		SolutionGuid = {268B2702-6D34-4EBA-B391-B06AC05D202B}
	EndGlobalSection
EndGlobal
